
Microsoft Visual Studio Solution File, Format Version 12.00
# Visual Studio 15
VisualStudioVersion = 15.0.28307.421
MinimumVisualStudioVersion = 10.0.40219.1
Project("{FAE04EC0-301F-11D3-BF4B-00C04F79EFBC}") = "TestCase4", "TestCase4\TestCase4.csproj", "{4696068A-FDAE-4145-BC24-7A9B3E1E7A0E}"
EndProject
Global
	GlobalSection(SolutionConfigurationPlatforms) = preSolution
		Debug|Any CPU = Debug|Any CPU
		Release|Any CPU = Release|Any CPU
	EndGlobalSection
	GlobalSection(ProjectConfigurationPlatforms) = postSolution
		{4696068A-FDAE-4145-BC24-7A9B3E1E7A0E}.Debug|Any CPU.ActiveCfg = Debug|Any CPU
		{4696068A-FDAE-4145-BC24-7A9B3E1E7A0E}.Debug|Any CPU.Build.0 = Debug|Any CPU
		{4696068A-FDAE-4145-BC24-7A9B3E1E7A0E}.Release|Any CPU.ActiveCfg = Release|Any CPU
		{4696068A-FDAE-4145-BC24-7A9B3E1E7A0E}.Release|Any CPU.Build.0 = Release|Any CPU
	EndGlobalSection
	GlobalSection(SolutionProperties) = preSolution
		HideSolutionNode = FALSE
	EndGlobalSection
	GlobalSection(ExtensibilityGlobals) = postSolution
		SolutionGuid = {DA6B2718-1835-4390-8E79-A18678D0E9FB}
	EndGlobalSection
EndGlobal
